Microsoft Visual Studio Solution File, Format Version 12.00
# Visual Studio Version 17
VisualStudioVersion = 17.5.2.0
MinimumVisualStudioVersion = 10.0.40219.1
Project("{2150E333-8FDC-42A3-9474-1A3956D46DE8}") = "BesinciHafta", "BesinciHafta", "{D33E1427-4D5F-5811-FC53-BB5E8F108261}"
EndProject
Project("{FAE04EC0-301F-11D3-BF4B-00C04F79EFBC}") = "OgrenciYonetimApp", "BesinciHafta\OgrenciYonetimApp\OgrenciYonetimApp.csproj", "{010B8103-6840-5015-F6BB-2A45C01F55C3}"
EndProject
Global
	GlobalSection(SolutionConfigurationPlatforms) = preSolution
		Debug|Any CPU = Debug|Any CPU
		Release|Any CPU = Release|Any CPU
	EndGlobalSection
	GlobalSection(ProjectConfigurationPlatforms) = postSolution
		{010B8103-6840-5015-F6BB-2A45C01F55C3}.Debug|Any CPU.ActiveCfg = Debug|Any CPU
		{010B8103-6840-5015-F6BB-2A45C01F55C3}.Debug|Any CPU.Build.0 = Debug|Any CPU
		{010B8103-6840-5015-F6BB-2A45C01F55C3}.Release|Any CPU.ActiveCfg = Release|Any CPU
		{010B8103-6840-5015-F6BB-2A45C01F55C3}.Release|Any CPU.Build.0 = Release|Any CPU
	EndGlobalSection
	GlobalSection(SolutionProperties) = preSolution
		HideSolutionNode = FALSE
	EndGlobalSection
	GlobalSection(NestedProjects) = preSolution
		{010B8103-6840-5015-F6BB-2A45C01F55C3} = {D33E1427-4D5F-5811-FC53-BB5E8F108261}
	EndGlobalSection
	GlobalSection(ExtensibilityGlobals) = postSolution
		SolutionGuid = {1A1994ED-68CA-4CD7-A9D8-E10C1F252EAD}
	EndGlobalSection
EndGlobal
